
Microsoft Visual Studio Solution File, Format Version 12.00
# Visual Studio 15
VisualStudioVersion = 15.0.28307.329
MinimumVisualStudioVersion = 10.0.40219.1
Project("{FAE04EC0-301F-11D3-BF4B-00C04F79EFBC}") = "Course", "Course\Course.csproj", "{C565B69E-7F8D-447D-B8FC-F5DC82AE3D36}"
EndProject
Global
	GlobalSection(SolutionConfigurationPlatforms) = preSolution
		Debug|Any CPU = Debug|Any CPU
		Release|Any CPU = Release|Any CPU
	EndGlobalSection
	GlobalSection(ProjectConfigurationPlatforms) = postSolution
		{C565B69E-7F8D-447D-B8FC-F5DC82AE3D36}.Debug|Any CPU.ActiveCfg = Debug|Any CPU
		{C565B69E-7F8D-447D-B8FC-F5DC82AE3D36}.Debug|Any CPU.Build.0 = Debug|Any CPU
		{C565B69E-7F8D-447D-B8FC-F5DC82AE3D36}.Release|Any CPU.ActiveCfg = Release|Any CPU
		{C565B69E-7F8D-447D-B8FC-F5DC82AE3D36}.Release|Any CPU.Build.0 = Release|Any CPU
	EndGlobalSection
	GlobalSection(SolutionProperties) = preSolution
		HideSolutionNode = FALSE
	EndGlobalSection
	GlobalSection(ExtensibilityGlobals) = postSolution
		SolutionGuid = {EC21FC7A-7072-42B3-96BB-AF94C46CC642}
	EndGlobalSection
EndGlobal
